
Microsoft Visual Studio Solution File, Format Version 12.00
# Visual Studio Version 16
VisualStudioVersion = 16.0.29001.49
MinimumVisualStudioVersion = 10.0.40219.1
Project("{FAE04EC0-301F-11D3-BF4B-00C04F79EFBC}") = "userInterface_Classic", "userInterface_Classic\userInterface_Classic.csproj", "{1DAAD1AE-61EC-402E-B392-41B33C612B8D}"
EndProject
Global
	GlobalSection(SolutionConfigurationPlatforms) = preSolution
		Debug|Any CPU = Debug|Any CPU
		Debug|x64 = Debug|x64
		Release|Any CPU = Release|Any CPU
		Release|x64 = Release|x64
	EndGlobalSection
	GlobalSection(ProjectConfigurationPlatforms) = postSolution
		{1DAAD1AE-61EC-402E-B392-41B33C612B8D}.Debug|Any CPU.ActiveCfg = Debug|Any CPU
		{1DAAD1AE-61EC-402E-B392-41B33C612B8D}.Debug|Any CPU.Build.0 = Debug|Any CPU
		{1DAAD1AE-61EC-402E-B392-41B33C612B8D}.Debug|x64.ActiveCfg = Debug|x64
		{1DAAD1AE-61EC-402E-B392-41B33C612B8D}.Debug|x64.Build.0 = Debug|x64
		{1DAAD1AE-61EC-402E-B392-41B33C612B8D}.Release|Any CPU.ActiveCfg = Release|Any CPU
		{1DAAD1AE-61EC-402E-B392-41B33C612B8D}.Release|Any CPU.Build.0 = Release|Any CPU
		{1DAAD1AE-61EC-402E-B392-41B33C612B8D}.Release|x64.ActiveCfg = Release|x64
		{1DAAD1AE-61EC-402E-B392-41B33C612B8D}.Release|x64.Build.0 = Release|x64
	EndGlobalSection
	GlobalSection(SolutionProperties) = preSolution
		HideSolutionNode = FALSE
	EndGlobalSection
	GlobalSection(ExtensibilityGlobals) = postSolution
		SolutionGuid = {94FCF18A-FF54-4DA6-914D-B23B7EE3AE5B}
	EndGlobalSection
EndGlobal
